
Microsoft Visual Studio Solution File, Format Version 12.00
# Visual Studio Version 17
VisualStudioVersion = 17.7.34221.43
MinimumVisualStudioVersion = 10.0.40219.1
Project("{2150E333-8FDC-42A3-9474-1A3956D46DE8}") = "Sprint2", "Sprint2", "{EBD847E4-1056-45F8-AE13-ED884FD71958}"
EndProject
Project("{9A19103F-16F7-4668-BE54-9A1E7A4F7556}") = "B.TodoList", "Sprint2\B.TodoList\B.TodoList.csproj", "{04031364-6104-4717-85A3-7778F3DFC9CC}"
EndProject
Project("{9A19103F-16F7-4668-BE54-9A1E7A4F7556}") = "C.NotFavoriteThing", "Sprint2\С.NotFavoriteThing\C.NotFavoriteThing.csproj", "{B27702ED-9D2C-49BA-9477-1826BC2A74ED}"
EndProject
Project("{9A19103F-16F7-4668-BE54-9A1E7A4F7556}") = "H.OperatorBrackets", "Sprint2\H.OperatorBrackets\H.OperatorBrackets.csproj", "{00531711-003F-495F-B236-11D15DA76EB2}"
EndProject
Project("{9A19103F-16F7-4668-BE54-9A1E7A4F7556}") = "K.FibonachiRecursive", "Sprint2\K.FibonachiRecursive\K.FibonachiRecursive.csproj", "{B1551F89-7B31-4849-AB22-915537C57EAF}"
EndProject
Project("{9A19103F-16F7-4668-BE54-9A1E7A4F7556}") = "L.FibonachiModul", "Sprint2\L.FibonachiModul\L.FibonachiModul.csproj", "{D40E5181-37B0-4E2A-9C7F-A10368CA90BF}"
EndProject
Project("{9A19103F-16F7-4668-BE54-9A1E7A4F7556}") = "A.Monitoring", "Sprint2\A.Monitoring\A.Monitoring.csproj", "{EF933A1A-99E3-4FED-983B-72953B5765AD}"
EndProject
Project("{2150E333-8FDC-42A3-9474-1A3956D46DE8}") = "Final", "Final", "{E7B48504-ED8D-4C79-AFBF-1527E7997598}"
EndProject
Project("{9A19103F-16F7-4668-BE54-9A1E7A4F7556}") = "Final2.Calculator", "Sprint2\Final\Final2.Calculator\Final2.Calculator.csproj", "{2C414C46-8310-429C-9500-887320EB1690}"
EndProject
Project("{9A19103F-16F7-4668-BE54-9A1E7A4F7556}") = "Final1.Deque", "Sprint2\Final\Final1.Deque\Final1.Deque.csproj", "{2AF6A6E2-E70D-448E-BA7B-7BB900BD1527}"
EndProject
Project("{2150E333-8FDC-42A3-9474-1A3956D46DE8}") = "Sprint1", "Sprint1", "{DD1AB9B7-B98B-476D-803F-637D5D2FDD26}"
EndProject
Project("{9A19103F-16F7-4668-BE54-9A1E7A4F7556}") = "E.GetLongestWord", "Sprint1\E.GetLongestWord\E.GetLongestWord.csproj", "{67082E04-EAA3-4BC7-B8B4-AE3AA62EC9C6}"
EndProject
Project("{9A19103F-16F7-4668-BE54-9A1E7A4F7556}") = "A.EvaluateFunction", "Sprint1\A.EvaluateFunction\A.EvaluateFunction.csproj", "{3E71B05E-B288-4BE5-A6BA-454EB0B950A7}"
EndProject
Project("{9A19103F-16F7-4668-BE54-9A1E7A4F7556}") = "B.CheckParity", "Sprint1\B.CheckParity\B.CheckParity.csproj", "{E3B9CA8D-1916-4A6B-BC78-FD657957CC7E}"
EndProject
Project("{9A19103F-16F7-4668-BE54-9A1E7A4F7556}") = "F.IsPalindrome", "Sprint1\F.IsPalindrome\F.IsPalindrome.csproj", "{A2E259BA-4B76-4522-BB92-0CFA23246469}"
EndProject
Project("{9A19103F-16F7-4668-BE54-9A1E7A4F7556}") = "G.GetBinaryNumber", "Sprint1\G.GetBinaryNumber\G.GetBinaryNumber.csproj", "{3868584E-8D9E-40AC-AFF4-B2B62C46D720}"
EndProject
Project("{9A19103F-16F7-4668-BE54-9A1E7A4F7556}") = "I.IsPowerOfFour", "Sprint1\I.IsPowerOfFour\I.IsPowerOfFour.csproj", "{8C35ABE4-FD9B-41C4-85E7-DFC4222797F6}"
EndProject
Project("{9A19103F-16F7-4668-BE54-9A1E7A4F7556}") = "L.ExcessiveLetter", "Sprint1\L.ExcessiveLetter\L.ExcessiveLetter.csproj", "{EC800DA0-FDF6-4494-9109-D704E0107FD7}"
EndProject
Project("{2150E333-8FDC-42A3-9474-1A3956D46DE8}") = "Final", "Final", "{44A1E8B9-D0AD-4597-B911-DE4270E81B6A}"
EndProject
Project("{2150E333-8FDC-42A3-9474-1A3956D46DE8}") = "Sprint3", "Sprint3", "{70F89341-37F4-4301-9FC6-752E272E675D}"
EndProject
Project("{9A19103F-16F7-4668-BE54-9A1E7A4F7556}") = "L.TwoBicycles", "Sprint3\L.TwoBicycles\L.TwoBicycles.csproj", "{149B5F5D-D608-474B-804C-823FB32A5B6E}"
EndProject
Project("{9A19103F-16F7-4668-BE54-9A1E7A4F7556}") = "B.Combinations", "Sprint3\B.Combinations\B.Combinations.csproj", "{17221C21-C6E3-4BBE-BBE9-425125F941AA}"
EndProject
Project("{9A19103F-16F7-4668-BE54-9A1E7A4F7556}") = "A.BracketGenerator", "Sprint3\A.BracketGenerator\A.BracketGenerator.csproj", "{35FBC693-E8CB-456E-A2C6-C33AB0E21B51}"
EndProject
Project("{9A19103F-16F7-4668-BE54-9A1E7A4F7556}") = "J.BubbleSort", "Sprint3\J.BubbleSort\J.BubbleSort.csproj", "{AF3B030F-0D68-4B4E-A9E8-A98C306EA2A2}"
EndProject
Project("{9A19103F-16F7-4668-BE54-9A1E7A4F7556}") = "H.BigNumber", "Sprint3\H.BigNumber\H.BigNumber.csproj", "{E13AE726-8DFE-4251-88D3-4ADDD8E0F632}"
EndProject
Project("{2150E333-8FDC-42A3-9474-1A3956D46DE8}") = "Final", "Final", "{0E577862-81FE-4B05-A382-3CF334005471}"
EndProject
Project("{9A19103F-16F7-4668-BE54-9A1E7A4F7556}") = "Final1.BrokenArraySearch", "Sprint3\Final\Final1.BrokenArraySearch\Final1.BrokenArraySearch.csproj", "{CF4792F0-BB1B-4C2D-8F46-23AD83CEB578}"
EndProject
Project("{9A19103F-16F7-4668-BE54-9A1E7A4F7556}") = "Final2.EffectiveQuickSort", "Sprint3\Final\Final2.EffectiveQuickSort\Final2.EffectiveQuickSort.csproj", "{67AE433A-8B10-4625-B452-2E5926D9A7DC}"
EndProject
Project("{9A19103F-16F7-4668-BE54-9A1E7A4F7556}") = "G.Wardrobe", "Sprint3\G.Wardrobe\G.Wardrobe.csproj", "{B6144E7C-C17C-46B7-8E5B-709305F41520}"
EndProject
Project("{9A19103F-16F7-4668-BE54-9A1E7A4F7556}") = "F.Triangles", "Sprint3\F.Triangles\F.Triangles.csproj", "{2DF6BDB3-421A-4338-99FB-65DA5051AE30}"
EndProject
Project("{9A19103F-16F7-4668-BE54-9A1E7A4F7556}") = "E.HouseBuying", "Sprint3\E.HouseBuying\E.HouseBuying.csproj", "{9861ACB6-4A5F-4BAC-9FEA-D498B429CAB1}"
EndProject
Project("{2150E333-8FDC-42A3-9474-1A3956D46DE8}") = "Sprint4", "Sprint4", "{0415D062-878F-45E6-A3A8-21D43F8A5585}"
EndProject
Project("{9A19103F-16F7-4668-BE54-9A1E7A4F7556}") = "A.Dosug", "Sprint4\A.Dosug\A.Dosug.csproj", "{4979B4EC-15C4-4B88-BDB4-CB8928505CC1}"
EndProject
Project("{9A19103F-16F7-4668-BE54-9A1E7A4F7556}") = "B.Roundes", "Sprint4\B.Roundes\B.Roundes.csproj", "{D1085E5A-CD25-4561-91CE-F3D980CDF784}"
EndProject
Project("{9A19103F-16F7-4668-BE54-9A1E7A4F7556}") = "Sprint1Final2DeftHands", "Sprint1\Final\Sprint1Final2DeftHands\Sprint1Final2DeftHands.csproj", "{CDFFD81C-0494-4A03-8F20-A7A618B6D332}"
EndProject
Project("{9A19103F-16F7-4668-BE54-9A1E7A4F7556}") = "Sprint1FinalNearZero", "Sprint1\Final\Sprint1FinalNearZero\Sprint1FinalNearZero.csproj", "{03071580-2172-4B2F-BCA1-54570C8497B7}"
EndProject
Project("{9A19103F-16F7-4668-BE54-9A1E7A4F7556}") = "E.BrokeMyHash", "Sprint4\E.BrokeMyHash\E.BrokeMyHash.csproj", "{2EFA7308-D9F3-4175-94D8-7B8927C68DBC}"
EndProject
Project("{9A19103F-16F7-4668-BE54-9A1E7A4F7556}") = "C.StrangeCompare", "Sprint4\C.StrangeCompare\C.StrangeCompare.csproj", "{0363F5C6-48F2-4D53-8B3E-0147B9F889E5}"
EndProject
Project("{9A19103F-16F7-4668-BE54-9A1E7A4F7556}") = "D.PolynomicHash", "Sprint4\D.PolynomicHash\D.PolynomicHash.csproj", "{B81556B3-F9F1-4588-89CE-90091CA3BDB1}"
EndProject
Project("{9A19103F-16F7-4668-BE54-9A1E7A4F7556}") = "G.FourSumm", "Sprint4\G.FourSumm\G.FourSumm.csproj", "{9A71D267-7BFA-414D-9262-3FF662764299}"
EndProject
Project("{2150E333-8FDC-42A3-9474-1A3956D46DE8}") = "Final", "Final", "{E614DEFB-B9F0-40DA-A4C0-1394A217B1B6}"
EndProject
Project("{9A19103F-16F7-4668-BE54-9A1E7A4F7556}") = "Final1.SearchSystem", "Sprint4\Final\Final1.SearchSystem\Final1.SearchSystem.csproj", "{A134D4F1-A6C6-4865-8ADA-8FAA3AD89FF3}"
EndProject
Project("{9A19103F-16F7-4668-BE54-9A1E7A4F7556}") = "Final2.HashTable", "Sprint4\Final\Final2.HashTable\Final2.HashTable.csproj", "{2B1BFDBE-6010-46D1-A426-350F41544BBE}"
EndProject
Project("{2150E333-8FDC-42A3-9474-1A3956D46DE8}") = "Sprint5", "Sprint5", "{51657F7A-A591-429C-98BE-23AA67356653}"
EndProject
Project("{9A19103F-16F7-4668-BE54-9A1E7A4F7556}") = "A.Lamps", "Sprint5\A.Lamps\A.Lamps.csproj", "{395FC9E8-4A91-4454-8B6B-52CB0BF12AE2}"
EndProject
Project("{9A19103F-16F7-4668-BE54-9A1E7A4F7556}") = "E.CheckTreeToBST", "Sprint5\E.CheckTreeToBST\E.CheckTreeToBST.csproj", "{5A80EF4E-89C0-4670-B5B5-96FB50613C66}"
EndProject
Project("{9A19103F-16F7-4668-BE54-9A1E7A4F7556}") = "J.AddNode", "Sprint5\J.AddNode\J.AddNode.csproj", "{5D57683A-0AE7-40EC-9FB7-BC04146208F8}"
EndProject
Project("{9A19103F-16F7-4668-BE54-9A1E7A4F7556}") = "K.PrintRange", "Sprint5\K.PrintRange\K.PrintRange.csproj", "{E7800019-B5CF-4E3F-8390-F12DE8DBCC41}"
EndProject
Project("{9A19103F-16F7-4668-BE54-9A1E7A4F7556}") = "I.DifferentBST", "Sprint5\I.DifferentBST\I.DifferentBST.csproj", "{02AB30BE-BD9D-4CAC-9208-1510DB65A156}"
EndProject
Project("{2150E333-8FDC-42A3-9474-1A3956D46DE8}") = "Final", "Final", "{24241B61-E87D-4023-A10A-71612A401177}"
EndProject
Project("{9A19103F-16F7-4668-BE54-9A1E7A4F7556}") = "Final2.RemoveNode", "Sprint5\Final\Final2.RemoveNode\Final2.RemoveNode.csproj", "{A24E9A35-57A4-40A5-BDA1-09384B6AC08F}"
EndProject
Project("{9A19103F-16F7-4668-BE54-9A1E7A4F7556}") = "B.BalancedTree", "Sprint5\B.BalancedTree\B.BalancedTree.csproj", "{A693C914-375E-4EA2-9282-72482738F17D}"
EndProject
Project("{9A19103F-16F7-4668-BE54-9A1E7A4F7556}") = "L.SiftDown", "Sprint5\L.SiftDown\L.SiftDown.csproj", "{ABFC077F-1269-44A3-81D2-1889C6422B68}"
EndProject
Project("{9A19103F-16F7-4668-BE54-9A1E7A4F7556}") = "M.SiftUp", "Sprint5\M.SiftUp\M.SiftUp.csproj", "{98A7E817-94AA-4DE7-B8F0-3538B16214C9}"
EndProject
Project("{9A19103F-16F7-4668-BE54-9A1E7A4F7556}") = "Final1.HeapSort", "Sprint5\Final\Final1.HeapSort\Final1.HeapSort.csproj", "{AD0E877D-101A-4B8C-8B54-1EB8234C3E38}"
EndProject
Project("{2150E333-8FDC-42A3-9474-1A3956D46DE8}") = "Sprint6", "Sprint6", "{87471F21-C909-48FF-84AF-77ABC83E2E8B}"
EndProject
Project("{9A19103F-16F7-4668-BE54-9A1E7A4F7556}") = "A.CreateListOfAdjacency", "Sprint6\A.CreateListOfAdjacency\A.CreateListOfAdjacency.csproj", "{BB1053ED-99EA-4FD7-AB29-C6C3168824E9}"
EndProject
Project("{9A19103F-16F7-4668-BE54-9A1E7A4F7556}") = "B.CreateMatrixOfAdjacency", "Sprint6\B.CreateMatrixOfAdjacency\B.CreateMatrixOfAdjacency.csproj", "{6CA7A6C6-05E7-497A-989F-9DEC38989AF0}"
EndProject
Project("{9A19103F-16F7-4668-BE54-9A1E7A4F7556}") = "C.DFS", "Sprint6\C.DFS\C.DFS.csproj", "{F586A8D0-CC9E-467F-BA08-F1BFA408C5A3}"
EndProject
Project("{9A19103F-16F7-4668-BE54-9A1E7A4F7556}") = "H.QuitTime", "Sprint6\H.QuitTime\H.QuitTime.csproj", "{BB99324F-F7A6-4306-B108-BDF8C6CD9086}"
EndProject
Project("{9A19103F-16F7-4668-BE54-9A1E7A4F7556}") = "J.TopologySort", "Sprint6\J.TopologySort\J.TopologySort.csproj", "{3925F2A3-C951-440D-B2AD-71786D9A12D7}"
EndProject
Project("{9A19103F-16F7-4668-BE54-9A1E7A4F7556}") = "E.Connectivity", "Sprint6\E.Connectivity\E.Connectivity.csproj", "{6806E417-5250-4451-A9A6-744F9409BD9C}"
EndProject
Project("{9A19103F-16F7-4668-BE54-9A1E7A4F7556}") = "D.BFS", "Sprint6\D.BFS\D.BFS.csproj", "{18F49F2D-6C8E-4346-97BA-BFC66131BD2A}"
EndProject
Project("{9A19103F-16F7-4668-BE54-9A1E7A4F7556}") = "G.MaxPath", "Sprint6\G.MaxPath\G.MaxPath.csproj", "{CC1BD425-21D9-48E8-99B0-F672B4AA62C5}"
EndProject
Project("{2150E333-8FDC-42A3-9474-1A3956D46DE8}") = "Final", "Final", "{13941C40-AE9B-4B05-ACDF-64F18BFC4776}"
EndProject
Project("{9A19103F-16F7-4668-BE54-9A1E7A4F7556}") = "Final1.ExpensiveNetwork", "Sprint6\Final\Final1.ExpensiveNetwork\Final1.ExpensiveNetwork.csproj", "{158AA42C-3F0A-4F73-8BC6-D90B05F3ECF8}"
EndProject
Project("{9A19103F-16F7-4668-BE54-9A1E7A4F7556}") = "Final2.Railroads", "Sprint6\Final\Final2.Railroads\Final2.Railroads.csproj", "{B354260D-9E4A-490D-9F71-2879BDC07997}"
EndProject
Project("{2150E333-8FDC-42A3-9474-1A3956D46DE8}") = "Sprint7", "Sprint7", "{99FEBF9D-CDE4-4EDA-BD8A-2289747FD077}"
EndProject
Project("{9A19103F-16F7-4668-BE54-9A1E7A4F7556}") = "A.Exchange", "Sprint7\A.Exchange\A.Exchange.csproj", "{A1552CAF-B1F7-4060-B715-79A906CCCAF1}"
EndProject
Project("{FAE04EC0-301F-11D3-BF4B-00C04F79EFBC}") = "B.Schedule", "Sprint7\B.Schedule\B.Schedule.csproj", "{EA7DA743-CA68-4B29-824A-DA35F79BB86F}"
EndProject
Project("{FAE04EC0-301F-11D3-BF4B-00C04F79EFBC}") = "C.Gold", "Sprint7\C.Gold\C.Gold.csproj", "{D20FBCC2-ECBA-4F90-B8A8-AE6498DB8AE6}"
EndProject
Project("{FAE04EC0-301F-11D3-BF4B-00C04F79EFBC}") = "D.Fibonachi", "Sprint7\D.Fibonachi\D.Fibonachi.csproj", "{770B3E81-2513-4AFB-AAB5-B0D6813ECA11}"
EndProject
Project("{FAE04EC0-301F-11D3-BF4B-00C04F79EFBC}") = "F.StarwayJumps", "Sprint7\F.StarwayJumps\F.StarwayJumps.csproj", "{CBD7F981-1295-4061-BB48-2E676997C384}"
EndProject
Project("{FAE04EC0-301F-11D3-BF4B-00C04F79EFBC}") = "H.Flowers", "Sprint7\H.Flowers\H.Flowers.csproj", "{A7EF4C2C-8652-40B8-AE53-79A5180629D2}"
EndProject
Project("{FAE04EC0-301F-11D3-BF4B-00C04F79EFBC}") = "I.FlowersWithPath", "Sprint7\I.FlowersWithPath\I.FlowersWithPath.csproj", "{0F626526-0691-416B-85AA-35327D6D7789}"
EndProject
Project("{FAE04EC0-301F-11D3-BF4B-00C04F79EFBC}") = "L.LepreconGold", "Sprint7\L.LepreconGold\L.LepreconGold.csproj", "{E22579A2-B9B8-4F93-8605-6D830BBD8A6A}"
EndProject
Project("{FAE04EC0-301F-11D3-BF4B-00C04F79EFBC}") = "G.ATM", "Sprint7\G.ATM\G.ATM.csproj", "{92E5680E-DF6A-49AE-AF1E-C1864AE4B447}"
EndProject
Global
	GlobalSection(SolutionConfigurationPlatforms) = preSolution
		Debug|Any CPU = Debug|Any CPU
		Release|Any CPU = Release|Any CPU
	EndGlobalSection
	GlobalSection(ProjectConfigurationPlatforms) = postSolution
		{04031364-6104-4717-85A3-7778F3DFC9CC}.Debug|Any CPU.ActiveCfg = Debug|Any CPU
		{04031364-6104-4717-85A3-7778F3DFC9CC}.Debug|Any CPU.Build.0 = Debug|Any CPU
		{04031364-6104-4717-85A3-7778F3DFC9CC}.Release|Any CPU.ActiveCfg = Release|Any CPU
		{04031364-6104-4717-85A3-7778F3DFC9CC}.Release|Any CPU.Build.0 = Release|Any CPU
		{B27702ED-9D2C-49BA-9477-1826BC2A74ED}.Debug|Any CPU.ActiveCfg = Debug|Any CPU
		{B27702ED-9D2C-49BA-9477-1826BC2A74ED}.Debug|Any CPU.Build.0 = Debug|Any CPU
		{B27702ED-9D2C-49BA-9477-1826BC2A74ED}.Release|Any CPU.ActiveCfg = Release|Any CPU
		{B27702ED-9D2C-49BA-9477-1826BC2A74ED}.Release|Any CPU.Build.0 = Release|Any CPU
		{00531711-003F-495F-B236-11D15DA76EB2}.Debug|Any CPU.ActiveCfg = Debug|Any CPU
		{00531711-003F-495F-B236-11D15DA76EB2}.Debug|Any CPU.Build.0 = Debug|Any CPU
		{00531711-003F-495F-B236-11D15DA76EB2}.Release|Any CPU.ActiveCfg = Release|Any CPU
		{00531711-003F-495F-B236-11D15DA76EB2}.Release|Any CPU.Build.0 = Release|Any CPU
		{B1551F89-7B31-4849-AB22-915537C57EAF}.Debug|Any CPU.ActiveCfg = Debug|Any CPU
		{B1551F89-7B31-4849-AB22-915537C57EAF}.Debug|Any CPU.Build.0 = Debug|Any CPU
		{B1551F89-7B31-4849-AB22-915537C57EAF}.Release|Any CPU.ActiveCfg = Release|Any CPU
		{B1551F89-7B31-4849-AB22-915537C57EAF}.Release|Any CPU.Build.0 = Release|Any CPU
		{D40E5181-37B0-4E2A-9C7F-A10368CA90BF}.Debug|Any CPU.ActiveCfg = Debug|Any CPU
		{D40E5181-37B0-4E2A-9C7F-A10368CA90BF}.Debug|Any CPU.Build.0 = Debug|Any CPU
		{D40E5181-37B0-4E2A-9C7F-A10368CA90BF}.Release|Any CPU.ActiveCfg = Release|Any CPU
		{D40E5181-37B0-4E2A-9C7F-A10368CA90BF}.Release|Any CPU.Build.0 = Release|Any CPU
		{EF933A1A-99E3-4FED-983B-72953B5765AD}.Debug|Any CPU.ActiveCfg = Debug|Any CPU
		{EF933A1A-99E3-4FED-983B-72953B5765AD}.Debug|Any CPU.Build.0 = Debug|Any CPU
		{EF933A1A-99E3-4FED-983B-72953B5765AD}.Release|Any CPU.ActiveCfg = Release|Any CPU
		{EF933A1A-99E3-4FED-983B-72953B5765AD}.Release|Any CPU.Build.0 = Release|Any CPU
		{2C414C46-8310-429C-9500-887320EB1690}.Debug|Any CPU.ActiveCfg = Debug|Any CPU
		{2C414C46-8310-429C-9500-887320EB1690}.Debug|Any CPU.Build.0 = Debug|Any CPU
		{2C414C46-8310-429C-9500-887320EB1690}.Release|Any CPU.ActiveCfg = Release|Any CPU
		{2C414C46-8310-429C-9500-887320EB1690}.Release|Any CPU.Build.0 = Release|Any CPU
		{2AF6A6E2-E70D-448E-BA7B-7BB900BD1527}.Debug|Any CPU.ActiveCfg = Debug|Any CPU
		{2AF6A6E2-E70D-448E-BA7B-7BB900BD1527}.Debug|Any CPU.Build.0 = Debug|Any CPU
		{2AF6A6E2-E70D-448E-BA7B-7BB900BD1527}.Release|Any CPU.ActiveCfg = Release|Any CPU
		{2AF6A6E2-E70D-448E-BA7B-7BB900BD1527}.Release|Any CPU.Build.0 = Release|Any CPU
		{67082E04-EAA3-4BC7-B8B4-AE3AA62EC9C6}.Debug|Any CPU.ActiveCfg = Debug|Any CPU
		{67082E04-EAA3-4BC7-B8B4-AE3AA62EC9C6}.Debug|Any CPU.Build.0 = Debug|Any CPU
		{67082E04-EAA3-4BC7-B8B4-AE3AA62EC9C6}.Release|Any CPU.ActiveCfg = Release|Any CPU
		{67082E04-EAA3-4BC7-B8B4-AE3AA62EC9C6}.Release|Any CPU.Build.0 = Release|Any CPU
		{3E71B05E-B288-4BE5-A6BA-454EB0B950A7}.Debug|Any CPU.ActiveCfg = Debug|Any CPU
		{3E71B05E-B288-4BE5-A6BA-454EB0B950A7}.Debug|Any CPU.Build.0 = Debug|Any CPU
		{3E71B05E-B288-4BE5-A6BA-454EB0B950A7}.Release|Any CPU.ActiveCfg = Release|Any CPU
		{3E71B05E-B288-4BE5-A6BA-454EB0B950A7}.Release|Any CPU.Build.0 = Release|Any CPU
		{E3B9CA8D-1916-4A6B-BC78-FD657957CC7E}.Debug|Any CPU.ActiveCfg = Debug|Any CPU
		{E3B9CA8D-1916-4A6B-BC78-FD657957CC7E}.Debug|Any CPU.Build.0 = Debug|Any CPU
		{E3B9CA8D-1916-4A6B-BC78-FD657957CC7E}.Release|Any CPU.ActiveCfg = Release|Any CPU
		{E3B9CA8D-1916-4A6B-BC78-FD657957CC7E}.Release|Any CPU.Build.0 = Release|Any CPU
		{A2E259BA-4B76-4522-BB92-0CFA23246469}.Debug|Any CPU.ActiveCfg = Debug|Any CPU
		{A2E259BA-4B76-4522-BB92-0CFA23246469}.Debug|Any CPU.Build.0 = Debug|Any CPU
		{A2E259BA-4B76-4522-BB92-0CFA23246469}.Release|Any CPU.ActiveCfg = Release|Any CPU
		{A2E259BA-4B76-4522-BB92-0CFA23246469}.Release|Any CPU.Build.0 = Release|Any CPU
		{3868584E-8D9E-40AC-AFF4-B2B62C46D720}.Debug|Any CPU.ActiveCfg = Debug|Any CPU
		{3868584E-8D9E-40AC-AFF4-B2B62C46D720}.Debug|Any CPU.Build.0 = Debug|Any CPU
		{3868584E-8D9E-40AC-AFF4-B2B62C46D720}.Release|Any CPU.ActiveCfg = Release|Any CPU
		{3868584E-8D9E-40AC-AFF4-B2B62C46D720}.Release|Any CPU.Build.0 = Release|Any CPU
		{8C35ABE4-FD9B-41C4-85E7-DFC4222797F6}.Debug|Any CPU.ActiveCfg = Debug|Any CPU
		{8C35ABE4-FD9B-41C4-85E7-DFC4222797F6}.Debug|Any CPU.Build.0 = Debug|Any CPU
		{8C35ABE4-FD9B-41C4-85E7-DFC4222797F6}.Release|Any CPU.ActiveCfg = Release|Any CPU
		{8C35ABE4-FD9B-41C4-85E7-DFC4222797F6}.Release|Any CPU.Build.0 = Release|Any CPU
		{EC800DA0-FDF6-4494-9109-D704E0107FD7}.Debug|Any CPU.ActiveCfg = Debug|Any CPU
		{EC800DA0-FDF6-4494-9109-D704E0107FD7}.Debug|Any CPU.Build.0 = Debug|Any CPU
		{EC800DA0-FDF6-4494-9109-D704E0107FD7}.Release|Any CPU.ActiveCfg = Release|Any CPU
		{EC800DA0-FDF6-4494-9109-D704E0107FD7}.Release|Any CPU.Build.0 = Release|Any CPU
		{149B5F5D-D608-474B-804C-823FB32A5B6E}.Debug|Any CPU.ActiveCfg = Debug|Any CPU
		{149B5F5D-D608-474B-804C-823FB32A5B6E}.Debug|Any CPU.Build.0 = Debug|Any CPU
		{149B5F5D-D608-474B-804C-823FB32A5B6E}.Release|Any CPU.ActiveCfg = Release|Any CPU
		{149B5F5D-D608-474B-804C-823FB32A5B6E}.Release|Any CPU.Build.0 = Release|Any CPU
		{17221C21-C6E3-4BBE-BBE9-425125F941AA}.Debug|Any CPU.ActiveCfg = Debug|Any CPU
		{17221C21-C6E3-4BBE-BBE9-425125F941AA}.Debug|Any CPU.Build.0 = Debug|Any CPU
		{17221C21-C6E3-4BBE-BBE9-425125F941AA}.Release|Any CPU.ActiveCfg = Release|Any CPU
		{17221C21-C6E3-4BBE-BBE9-425125F941AA}.Release|Any CPU.Build.0 = Release|Any CPU
		{35FBC693-E8CB-456E-A2C6-C33AB0E21B51}.Debug|Any CPU.ActiveCfg = Debug|Any CPU
		{35FBC693-E8CB-456E-A2C6-C33AB0E21B51}.Debug|Any CPU.Build.0 = Debug|Any CPU
		{35FBC693-E8CB-456E-A2C6-C33AB0E21B51}.Release|Any CPU.ActiveCfg = Release|Any CPU
		{35FBC693-E8CB-456E-A2C6-C33AB0E21B51}.Release|Any CPU.Build.0 = Release|Any CPU
		{AF3B030F-0D68-4B4E-A9E8-A98C306EA2A2}.Debug|Any CPU.ActiveCfg = Debug|Any CPU
		{AF3B030F-0D68-4B4E-A9E8-A98C306EA2A2}.Debug|Any CPU.Build.0 = Debug|Any CPU
		{AF3B030F-0D68-4B4E-A9E8-A98C306EA2A2}.Release|Any CPU.ActiveCfg = Release|Any CPU
		{AF3B030F-0D68-4B4E-A9E8-A98C306EA2A2}.Release|Any CPU.Build.0 = Release|Any CPU
		{E13AE726-8DFE-4251-88D3-4ADDD8E0F632}.Debug|Any CPU.ActiveCfg = Debug|Any CPU
		{E13AE726-8DFE-4251-88D3-4ADDD8E0F632}.Debug|Any CPU.Build.0 = Debug|Any CPU
		{E13AE726-8DFE-4251-88D3-4ADDD8E0F632}.Release|Any CPU.ActiveCfg = Release|Any CPU
		{E13AE726-8DFE-4251-88D3-4ADDD8E0F632}.Release|Any CPU.Build.0 = Release|Any CPU
		{CF4792F0-BB1B-4C2D-8F46-23AD83CEB578}.Debug|Any CPU.ActiveCfg = Debug|Any CPU
		{CF4792F0-BB1B-4C2D-8F46-23AD83CEB578}.Debug|Any CPU.Build.0 = Debug|Any CPU
		{CF4792F0-BB1B-4C2D-8F46-23AD83CEB578}.Release|Any CPU.ActiveCfg = Release|Any CPU
		{CF4792F0-BB1B-4C2D-8F46-23AD83CEB578}.Release|Any CPU.Build.0 = Release|Any CPU
		{67AE433A-8B10-4625-B452-2E5926D9A7DC}.Debug|Any CPU.ActiveCfg = Debug|Any CPU
		{67AE433A-8B10-4625-B452-2E5926D9A7DC}.Debug|Any CPU.Build.0 = Debug|Any CPU
		{67AE433A-8B10-4625-B452-2E5926D9A7DC}.Release|Any CPU.ActiveCfg = Release|Any CPU
		{67AE433A-8B10-4625-B452-2E5926D9A7DC}.Release|Any CPU.Build.0 = Release|Any CPU
		{B6144E7C-C17C-46B7-8E5B-709305F41520}.Debug|Any CPU.ActiveCfg = Debug|Any CPU
		{B6144E7C-C17C-46B7-8E5B-709305F41520}.Debug|Any CPU.Build.0 = Debug|Any CPU
		{B6144E7C-C17C-46B7-8E5B-709305F41520}.Release|Any CPU.ActiveCfg = Release|Any CPU
		{B6144E7C-C17C-46B7-8E5B-709305F41520}.Release|Any CPU.Build.0 = Release|Any CPU
		{2DF6BDB3-421A-4338-99FB-65DA5051AE30}.Debug|Any CPU.ActiveCfg = Debug|Any CPU
		{2DF6BDB3-421A-4338-99FB-65DA5051AE30}.Debug|Any CPU.Build.0 = Debug|Any CPU
		{2DF6BDB3-421A-4338-99FB-65DA5051AE30}.Release|Any CPU.ActiveCfg = Release|Any CPU
		{2DF6BDB3-421A-4338-99FB-65DA5051AE30}.Release|Any CPU.Build.0 = Release|Any CPU
		{9861ACB6-4A5F-4BAC-9FEA-D498B429CAB1}.Debug|Any CPU.ActiveCfg = Debug|Any CPU
		{9861ACB6-4A5F-4BAC-9FEA-D498B429CAB1}.Debug|Any CPU.Build.0 = Debug|Any CPU
		{9861ACB6-4A5F-4BAC-9FEA-D498B429CAB1}.Release|Any CPU.ActiveCfg = Release|Any CPU
		{9861ACB6-4A5F-4BAC-9FEA-D498B429CAB1}.Release|Any CPU.Build.0 = Release|Any CPU
		{4979B4EC-15C4-4B88-BDB4-CB8928505CC1}.Debug|Any CPU.ActiveCfg = Debug|Any CPU
		{4979B4EC-15C4-4B88-BDB4-CB8928505CC1}.Debug|Any CPU.Build.0 = Debug|Any CPU
		{4979B4EC-15C4-4B88-BDB4-CB8928505CC1}.Release|Any CPU.ActiveCfg = Release|Any CPU
		{4979B4EC-15C4-4B88-BDB4-CB8928505CC1}.Release|Any CPU.Build.0 = Release|Any CPU
		{D1085E5A-CD25-4561-91CE-F3D980CDF784}.Debug|Any CPU.ActiveCfg = Debug|Any CPU
		{D1085E5A-CD25-4561-91CE-F3D980CDF784}.Debug|Any CPU.Build.0 = Debug|Any CPU
		{D1085E5A-CD25-4561-91CE-F3D980CDF784}.Release|Any CPU.ActiveCfg = Release|Any CPU
		{D1085E5A-CD25-4561-91CE-F3D980CDF784}.Release|Any CPU.Build.0 = Release|Any CPU
		{CDFFD81C-0494-4A03-8F20-A7A618B6D332}.Debug|Any CPU.ActiveCfg = Debug|Any CPU
		{CDFFD81C-0494-4A03-8F20-A7A618B6D332}.Debug|Any CPU.Build.0 = Debug|Any CPU
		{CDFFD81C-0494-4A03-8F20-A7A618B6D332}.Release|Any CPU.ActiveCfg = Release|Any CPU
		{CDFFD81C-0494-4A03-8F20-A7A618B6D332}.Release|Any CPU.Build.0 = Release|Any CPU
		{03071580-2172-4B2F-BCA1-54570C8497B7}.Debug|Any CPU.ActiveCfg = Debug|Any CPU
		{03071580-2172-4B2F-BCA1-54570C8497B7}.Debug|Any CPU.Build.0 = Debug|Any CPU
		{03071580-2172-4B2F-BCA1-54570C8497B7}.Release|Any CPU.ActiveCfg = Release|Any CPU
		{03071580-2172-4B2F-BCA1-54570C8497B7}.Release|Any CPU.Build.0 = Release|Any CPU
		{2EFA7308-D9F3-4175-94D8-7B8927C68DBC}.Debug|Any CPU.ActiveCfg = Debug|Any CPU
		{2EFA7308-D9F3-4175-94D8-7B8927C68DBC}.Debug|Any CPU.Build.0 = Debug|Any CPU
		{2EFA7308-D9F3-4175-94D8-7B8927C68DBC}.Release|Any CPU.ActiveCfg = Release|Any CPU
		{2EFA7308-D9F3-4175-94D8-7B8927C68DBC}.Release|Any CPU.Build.0 = Release|Any CPU
		{0363F5C6-48F2-4D53-8B3E-0147B9F889E5}.Debug|Any CPU.ActiveCfg = Debug|Any CPU
		{0363F5C6-48F2-4D53-8B3E-0147B9F889E5}.Debug|Any CPU.Build.0 = Debug|Any CPU
		{0363F5C6-48F2-4D53-8B3E-0147B9F889E5}.Release|Any CPU.ActiveCfg = Release|Any CPU
		{0363F5C6-48F2-4D53-8B3E-0147B9F889E5}.Release|Any CPU.Build.0 = Release|Any CPU
		{B81556B3-F9F1-4588-89CE-90091CA3BDB1}.Debug|Any CPU.ActiveCfg = Debug|Any CPU
		{B81556B3-F9F1-4588-89CE-90091CA3BDB1}.Debug|Any CPU.Build.0 = Debug|Any CPU
		{B81556B3-F9F1-4588-89CE-90091CA3BDB1}.Release|Any CPU.ActiveCfg = Release|Any CPU
		{B81556B3-F9F1-4588-89CE-90091CA3BDB1}.Release|Any CPU.Build.0 = Release|Any CPU
		{9A71D267-7BFA-414D-9262-3FF662764299}.Debug|Any CPU.ActiveCfg = Debug|Any CPU
		{9A71D267-7BFA-414D-9262-3FF662764299}.Debug|Any CPU.Build.0 = Debug|Any CPU
		{9A71D267-7BFA-414D-9262-3FF662764299}.Release|Any CPU.ActiveCfg = Release|Any CPU
		{9A71D267-7BFA-414D-9262-3FF662764299}.Release|Any CPU.Build.0 = Release|Any CPU
		{A134D4F1-A6C6-4865-8ADA-8FAA3AD89FF3}.Debug|Any CPU.ActiveCfg = Debug|Any CPU
		{A134D4F1-A6C6-4865-8ADA-8FAA3AD89FF3}.Debug|Any CPU.Build.0 = Debug|Any CPU
		{A134D4F1-A6C6-4865-8ADA-8FAA3AD89FF3}.Release|Any CPU.ActiveCfg = Release|Any CPU
		{A134D4F1-A6C6-4865-8ADA-8FAA3AD89FF3}.Release|Any CPU.Build.0 = Release|Any CPU
		{2B1BFDBE-6010-46D1-A426-350F41544BBE}.Debug|Any CPU.ActiveCfg = Debug|Any CPU
		{2B1BFDBE-6010-46D1-A426-350F41544BBE}.Debug|Any CPU.Build.0 = Debug|Any CPU
		{2B1BFDBE-6010-46D1-A426-350F41544BBE}.Release|Any CPU.ActiveCfg = Release|Any CPU
		{2B1BFDBE-6010-46D1-A426-350F41544BBE}.Release|Any CPU.Build.0 = Release|Any CPU
		{395FC9E8-4A91-4454-8B6B-52CB0BF12AE2}.Debug|Any CPU.ActiveCfg = Debug|Any CPU
		{395FC9E8-4A91-4454-8B6B-52CB0BF12AE2}.Debug|Any CPU.Build.0 = Debug|Any CPU
		{395FC9E8-4A91-4454-8B6B-52CB0BF12AE2}.Release|Any CPU.ActiveCfg = Release|Any CPU
		{395FC9E8-4A91-4454-8B6B-52CB0BF12AE2}.Release|Any CPU.Build.0 = Release|Any CPU
		{5A80EF4E-89C0-4670-B5B5-96FB50613C66}.Debug|Any CPU.ActiveCfg = Debug|Any CPU
		{5A80EF4E-89C0-4670-B5B5-96FB50613C66}.Debug|Any CPU.Build.0 = Debug|Any CPU
		{5A80EF4E-89C0-4670-B5B5-96FB50613C66}.Release|Any CPU.ActiveCfg = Release|Any CPU
		{5A80EF4E-89C0-4670-B5B5-96FB50613C66}.Release|Any CPU.Build.0 = Release|Any CPU
		{5D57683A-0AE7-40EC-9FB7-BC04146208F8}.Debug|Any CPU.ActiveCfg = Debug|Any CPU
		{5D57683A-0AE7-40EC-9FB7-BC04146208F8}.Debug|Any CPU.Build.0 = Debug|Any CPU
		{5D57683A-0AE7-40EC-9FB7-BC04146208F8}.Release|Any CPU.ActiveCfg = Release|Any CPU
		{5D57683A-0AE7-40EC-9FB7-BC04146208F8}.Release|Any CPU.Build.0 = Release|Any CPU
		{E7800019-B5CF-4E3F-8390-F12DE8DBCC41}.Debug|Any CPU.ActiveCfg = Debug|Any CPU
		{E7800019-B5CF-4E3F-8390-F12DE8DBCC41}.Debug|Any CPU.Build.0 = Debug|Any CPU
		{E7800019-B5CF-4E3F-8390-F12DE8DBCC41}.Release|Any CPU.ActiveCfg = Release|Any CPU
		{E7800019-B5CF-4E3F-8390-F12DE8DBCC41}.Release|Any CPU.Build.0 = Release|Any CPU
		{02AB30BE-BD9D-4CAC-9208-1510DB65A156}.Debug|Any CPU.ActiveCfg = Debug|Any CPU
		{02AB30BE-BD9D-4CAC-9208-1510DB65A156}.Debug|Any CPU.Build.0 = Debug|Any CPU
		{02AB30BE-BD9D-4CAC-9208-1510DB65A156}.Release|Any CPU.ActiveCfg = Release|Any CPU
		{02AB30BE-BD9D-4CAC-9208-1510DB65A156}.Release|Any CPU.Build.0 = Release|Any CPU
		{A24E9A35-57A4-40A5-BDA1-09384B6AC08F}.Debug|Any CPU.ActiveCfg = Debug|Any CPU
		{A24E9A35-57A4-40A5-BDA1-09384B6AC08F}.Debug|Any CPU.Build.0 = Debug|Any CPU
		{A24E9A35-57A4-40A5-BDA1-09384B6AC08F}.Release|Any CPU.ActiveCfg = Release|Any CPU
		{A24E9A35-57A4-40A5-BDA1-09384B6AC08F}.Release|Any CPU.Build.0 = Release|Any CPU
		{A693C914-375E-4EA2-9282-72482738F17D}.Debug|Any CPU.ActiveCfg = Debug|Any CPU
		{A693C914-375E-4EA2-9282-72482738F17D}.Debug|Any CPU.Build.0 = Debug|Any CPU
		{A693C914-375E-4EA2-9282-72482738F17D}.Release|Any CPU.ActiveCfg = Release|Any CPU
		{A693C914-375E-4EA2-9282-72482738F17D}.Release|Any CPU.Build.0 = Release|Any CPU
		{ABFC077F-1269-44A3-81D2-1889C6422B68}.Debug|Any CPU.ActiveCfg = Debug|Any CPU
		{ABFC077F-1269-44A3-81D2-1889C6422B68}.Debug|Any CPU.Build.0 = Debug|Any CPU
		{ABFC077F-1269-44A3-81D2-1889C6422B68}.Release|Any CPU.ActiveCfg = Release|Any CPU
		{ABFC077F-1269-44A3-81D2-1889C6422B68}.Release|Any CPU.Build.0 = Release|Any CPU
		{98A7E817-94AA-4DE7-B8F0-3538B16214C9}.Debug|Any CPU.ActiveCfg = Debug|Any CPU
		{98A7E817-94AA-4DE7-B8F0-3538B16214C9}.Debug|Any CPU.Build.0 = Debug|Any CPU
		{98A7E817-94AA-4DE7-B8F0-3538B16214C9}.Release|Any CPU.ActiveCfg = Release|Any CPU
		{98A7E817-94AA-4DE7-B8F0-3538B16214C9}.Release|Any CPU.Build.0 = Release|Any CPU
		{AD0E877D-101A-4B8C-8B54-1EB8234C3E38}.Debug|Any CPU.ActiveCfg = Debug|Any CPU
		{AD0E877D-101A-4B8C-8B54-1EB8234C3E38}.Debug|Any CPU.Build.0 = Debug|Any CPU
		{AD0E877D-101A-4B8C-8B54-1EB8234C3E38}.Release|Any CPU.ActiveCfg = Release|Any CPU
		{AD0E877D-101A-4B8C-8B54-1EB8234C3E38}.Release|Any CPU.Build.0 = Release|Any CPU
		{BB1053ED-99EA-4FD7-AB29-C6C3168824E9}.Debug|Any CPU.ActiveCfg = Debug|Any CPU
		{BB1053ED-99EA-4FD7-AB29-C6C3168824E9}.Debug|Any CPU.Build.0 = Debug|Any CPU
		{BB1053ED-99EA-4FD7-AB29-C6C3168824E9}.Release|Any CPU.ActiveCfg = Release|Any CPU
		{BB1053ED-99EA-4FD7-AB29-C6C3168824E9}.Release|Any CPU.Build.0 = Release|Any CPU
		{6CA7A6C6-05E7-497A-989F-9DEC38989AF0}.Debug|Any CPU.ActiveCfg = Debug|Any CPU
		{6CA7A6C6-05E7-497A-989F-9DEC38989AF0}.Debug|Any CPU.Build.0 = Debug|Any CPU
		{6CA7A6C6-05E7-497A-989F-9DEC38989AF0}.Release|Any CPU.ActiveCfg = Release|Any CPU
		{6CA7A6C6-05E7-497A-989F-9DEC38989AF0}.Release|Any CPU.Build.0 = Release|Any CPU
		{F586A8D0-CC9E-467F-BA08-F1BFA408C5A3}.Debug|Any CPU.ActiveCfg = Debug|Any CPU
		{F586A8D0-CC9E-467F-BA08-F1BFA408C5A3}.Debug|Any CPU.Build.0 = Debug|Any CPU
		{F586A8D0-CC9E-467F-BA08-F1BFA408C5A3}.Release|Any CPU.ActiveCfg = Release|Any CPU
		{F586A8D0-CC9E-467F-BA08-F1BFA408C5A3}.Release|Any CPU.Build.0 = Release|Any CPU
		{BB99324F-F7A6-4306-B108-BDF8C6CD9086}.Debug|Any CPU.ActiveCfg = Debug|Any CPU
		{BB99324F-F7A6-4306-B108-BDF8C6CD9086}.Debug|Any CPU.Build.0 = Debug|Any CPU
		{BB99324F-F7A6-4306-B108-BDF8C6CD9086}.Release|Any CPU.ActiveCfg = Release|Any CPU
		{BB99324F-F7A6-4306-B108-BDF8C6CD9086}.Release|Any CPU.Build.0 = Release|Any CPU
		{3925F2A3-C951-440D-B2AD-71786D9A12D7}.Debug|Any CPU.ActiveCfg = Debug|Any CPU
		{3925F2A3-C951-440D-B2AD-71786D9A12D7}.Debug|Any CPU.Build.0 = Debug|Any CPU
		{3925F2A3-C951-440D-B2AD-71786D9A12D7}.Release|Any CPU.ActiveCfg = Release|Any CPU
		{3925F2A3-C951-440D-B2AD-71786D9A12D7}.Release|Any CPU.Build.0 = Release|Any CPU
		{6806E417-5250-4451-A9A6-744F9409BD9C}.Debug|Any CPU.ActiveCfg = Debug|Any CPU
		{6806E417-5250-4451-A9A6-744F9409BD9C}.Debug|Any CPU.Build.0 = Debug|Any CPU
		{6806E417-5250-4451-A9A6-744F9409BD9C}.Release|Any CPU.ActiveCfg = Release|Any CPU
		{6806E417-5250-4451-A9A6-744F9409BD9C}.Release|Any CPU.Build.0 = Release|Any CPU
		{18F49F2D-6C8E-4346-97BA-BFC66131BD2A}.Debug|Any CPU.ActiveCfg = Debug|Any CPU
		{18F49F2D-6C8E-4346-97BA-BFC66131BD2A}.Debug|Any CPU.Build.0 = Debug|Any CPU
		{18F49F2D-6C8E-4346-97BA-BFC66131BD2A}.Release|Any CPU.ActiveCfg = Release|Any CPU
		{18F49F2D-6C8E-4346-97BA-BFC66131BD2A}.Release|Any CPU.Build.0 = Release|Any CPU
		{CC1BD425-21D9-48E8-99B0-F672B4AA62C5}.Debug|Any CPU.ActiveCfg = Debug|Any CPU
		{CC1BD425-21D9-48E8-99B0-F672B4AA62C5}.Debug|Any CPU.Build.0 = Debug|Any CPU
		{CC1BD425-21D9-48E8-99B0-F672B4AA62C5}.Release|Any CPU.ActiveCfg = Release|Any CPU
		{CC1BD425-21D9-48E8-99B0-F672B4AA62C5}.Release|Any CPU.Build.0 = Release|Any CPU
		{158AA42C-3F0A-4F73-8BC6-D90B05F3ECF8}.Debug|Any CPU.ActiveCfg = Debug|Any CPU
		{158AA42C-3F0A-4F73-8BC6-D90B05F3ECF8}.Debug|Any CPU.Build.0 = Debug|Any CPU
		{158AA42C-3F0A-4F73-8BC6-D90B05F3ECF8}.Release|Any CPU.ActiveCfg = Release|Any CPU
		{158AA42C-3F0A-4F73-8BC6-D90B05F3ECF8}.Release|Any CPU.Build.0 = Release|Any CPU
		{B354260D-9E4A-490D-9F71-2879BDC07997}.Debug|Any CPU.ActiveCfg = Debug|Any CPU
		{B354260D-9E4A-490D-9F71-2879BDC07997}.Debug|Any CPU.Build.0 = Debug|Any CPU
		{B354260D-9E4A-490D-9F71-2879BDC07997}.Release|Any CPU.ActiveCfg = Release|Any CPU
		{B354260D-9E4A-490D-9F71-2879BDC07997}.Release|Any CPU.Build.0 = Release|Any CPU
		{A1552CAF-B1F7-4060-B715-79A906CCCAF1}.Debug|Any CPU.ActiveCfg = Debug|Any CPU
		{A1552CAF-B1F7-4060-B715-79A906CCCAF1}.Debug|Any CPU.Build.0 = Debug|Any CPU
		{A1552CAF-B1F7-4060-B715-79A906CCCAF1}.Release|Any CPU.ActiveCfg = Release|Any CPU
		{A1552CAF-B1F7-4060-B715-79A906CCCAF1}.Release|Any CPU.Build.0 = Release|Any CPU
		{EA7DA743-CA68-4B29-824A-DA35F79BB86F}.Debug|Any CPU.ActiveCfg = Debug|Any CPU
		{EA7DA743-CA68-4B29-824A-DA35F79BB86F}.Debug|Any CPU.Build.0 = Debug|Any CPU
		{EA7DA743-CA68-4B29-824A-DA35F79BB86F}.Release|Any CPU.ActiveCfg = Release|Any CPU
		{EA7DA743-CA68-4B29-824A-DA35F79BB86F}.Release|Any CPU.Build.0 = Release|Any CPU
		{D20FBCC2-ECBA-4F90-B8A8-AE6498DB8AE6}.Debug|Any CPU.ActiveCfg = Debug|Any CPU
		{D20FBCC2-ECBA-4F90-B8A8-AE6498DB8AE6}.Debug|Any CPU.Build.0 = Debug|Any CPU
		{D20FBCC2-ECBA-4F90-B8A8-AE6498DB8AE6}.Release|Any CPU.ActiveCfg = Release|Any CPU
		{D20FBCC2-ECBA-4F90-B8A8-AE6498DB8AE6}.Release|Any CPU.Build.0 = Release|Any CPU
		{770B3E81-2513-4AFB-AAB5-B0D6813ECA11}.Debug|Any CPU.ActiveCfg = Debug|Any CPU
		{770B3E81-2513-4AFB-AAB5-B0D6813ECA11}.Debug|Any CPU.Build.0 = Debug|Any CPU
		{770B3E81-2513-4AFB-AAB5-B0D6813ECA11}.Release|Any CPU.ActiveCfg = Release|Any CPU
		{770B3E81-2513-4AFB-AAB5-B0D6813ECA11}.Release|Any CPU.Build.0 = Release|Any CPU
		{CBD7F981-1295-4061-BB48-2E676997C384}.Debug|Any CPU.ActiveCfg = Debug|Any CPU
		{CBD7F981-1295-4061-BB48-2E676997C384}.Debug|Any CPU.Build.0 = Debug|Any CPU
		{CBD7F981-1295-4061-BB48-2E676997C384}.Release|Any CPU.ActiveCfg = Release|Any CPU
		{CBD7F981-1295-4061-BB48-2E676997C384}.Release|Any CPU.Build.0 = Release|Any CPU
		{A7EF4C2C-8652-40B8-AE53-79A5180629D2}.Debug|Any CPU.ActiveCfg = Debug|Any CPU
		{A7EF4C2C-8652-40B8-AE53-79A5180629D2}.Debug|Any CPU.Build.0 = Debug|Any CPU
		{A7EF4C2C-8652-40B8-AE53-79A5180629D2}.Release|Any CPU.ActiveCfg = Release|Any CPU
		{A7EF4C2C-8652-40B8-AE53-79A5180629D2}.Release|Any CPU.Build.0 = Release|Any CPU
		{0F626526-0691-416B-85AA-35327D6D7789}.Debug|Any CPU.ActiveCfg = Debug|Any CPU
		{0F626526-0691-416B-85AA-35327D6D7789}.Debug|Any CPU.Build.0 = Debug|Any CPU
		{0F626526-0691-416B-85AA-35327D6D7789}.Release|Any CPU.ActiveCfg = Release|Any CPU
		{0F626526-0691-416B-85AA-35327D6D7789}.Release|Any CPU.Build.0 = Release|Any CPU
		{E22579A2-B9B8-4F93-8605-6D830BBD8A6A}.Debug|Any CPU.ActiveCfg = Debug|Any CPU
		{E22579A2-B9B8-4F93-8605-6D830BBD8A6A}.Debug|Any CPU.Build.0 = Debug|Any CPU
		{E22579A2-B9B8-4F93-8605-6D830BBD8A6A}.Release|Any CPU.ActiveCfg = Release|Any CPU
		{E22579A2-B9B8-4F93-8605-6D830BBD8A6A}.Release|Any CPU.Build.0 = Release|Any CPU
		{92E5680E-DF6A-49AE-AF1E-C1864AE4B447}.Debug|Any CPU.ActiveCfg = Debug|Any CPU
		{92E5680E-DF6A-49AE-AF1E-C1864AE4B447}.Debug|Any CPU.Build.0 = Debug|Any CPU
		{92E5680E-DF6A-49AE-AF1E-C1864AE4B447}.Release|Any CPU.ActiveCfg = Release|Any CPU
		{92E5680E-DF6A-49AE-AF1E-C1864AE4B447}.Release|Any CPU.Build.0 = Release|Any CPU
	EndGlobalSection
	GlobalSection(SolutionProperties) = preSolution
		HideSolutionNode = FALSE
	EndGlobalSection
	GlobalSection(NestedProjects) = preSolution
		{04031364-6104-4717-85A3-7778F3DFC9CC} = {EBD847E4-1056-45F8-AE13-ED884FD71958}
		{B27702ED-9D2C-49BA-9477-1826BC2A74ED} = {EBD847E4-1056-45F8-AE13-ED884FD71958}
		{00531711-003F-495F-B236-11D15DA76EB2} = {EBD847E4-1056-45F8-AE13-ED884FD71958}
		{B1551F89-7B31-4849-AB22-915537C57EAF} = {EBD847E4-1056-45F8-AE13-ED884FD71958}
		{D40E5181-37B0-4E2A-9C7F-A10368CA90BF} = {EBD847E4-1056-45F8-AE13-ED884FD71958}
		{EF933A1A-99E3-4FED-983B-72953B5765AD} = {EBD847E4-1056-45F8-AE13-ED884FD71958}
		{E7B48504-ED8D-4C79-AFBF-1527E7997598} = {EBD847E4-1056-45F8-AE13-ED884FD71958}
		{2C414C46-8310-429C-9500-887320EB1690} = {E7B48504-ED8D-4C79-AFBF-1527E7997598}
		{2AF6A6E2-E70D-448E-BA7B-7BB900BD1527} = {E7B48504-ED8D-4C79-AFBF-1527E7997598}
		{67082E04-EAA3-4BC7-B8B4-AE3AA62EC9C6} = {DD1AB9B7-B98B-476D-803F-637D5D2FDD26}
		{3E71B05E-B288-4BE5-A6BA-454EB0B950A7} = {DD1AB9B7-B98B-476D-803F-637D5D2FDD26}
		{E3B9CA8D-1916-4A6B-BC78-FD657957CC7E} = {DD1AB9B7-B98B-476D-803F-637D5D2FDD26}
		{A2E259BA-4B76-4522-BB92-0CFA23246469} = {DD1AB9B7-B98B-476D-803F-637D5D2FDD26}
		{3868584E-8D9E-40AC-AFF4-B2B62C46D720} = {DD1AB9B7-B98B-476D-803F-637D5D2FDD26}
		{8C35ABE4-FD9B-41C4-85E7-DFC4222797F6} = {DD1AB9B7-B98B-476D-803F-637D5D2FDD26}
		{EC800DA0-FDF6-4494-9109-D704E0107FD7} = {DD1AB9B7-B98B-476D-803F-637D5D2FDD26}
		{44A1E8B9-D0AD-4597-B911-DE4270E81B6A} = {DD1AB9B7-B98B-476D-803F-637D5D2FDD26}
		{149B5F5D-D608-474B-804C-823FB32A5B6E} = {70F89341-37F4-4301-9FC6-752E272E675D}
		{17221C21-C6E3-4BBE-BBE9-425125F941AA} = {70F89341-37F4-4301-9FC6-752E272E675D}
		{35FBC693-E8CB-456E-A2C6-C33AB0E21B51} = {70F89341-37F4-4301-9FC6-752E272E675D}
		{AF3B030F-0D68-4B4E-A9E8-A98C306EA2A2} = {70F89341-37F4-4301-9FC6-752E272E675D}
		{E13AE726-8DFE-4251-88D3-4ADDD8E0F632} = {70F89341-37F4-4301-9FC6-752E272E675D}
		{0E577862-81FE-4B05-A382-3CF334005471} = {70F89341-37F4-4301-9FC6-752E272E675D}
		{CF4792F0-BB1B-4C2D-8F46-23AD83CEB578} = {0E577862-81FE-4B05-A382-3CF334005471}
		{67AE433A-8B10-4625-B452-2E5926D9A7DC} = {0E577862-81FE-4B05-A382-3CF334005471}
		{B6144E7C-C17C-46B7-8E5B-709305F41520} = {70F89341-37F4-4301-9FC6-752E272E675D}
		{2DF6BDB3-421A-4338-99FB-65DA5051AE30} = {70F89341-37F4-4301-9FC6-752E272E675D}
		{9861ACB6-4A5F-4BAC-9FEA-D498B429CAB1} = {70F89341-37F4-4301-9FC6-752E272E675D}
		{4979B4EC-15C4-4B88-BDB4-CB8928505CC1} = {0415D062-878F-45E6-A3A8-21D43F8A5585}
		{D1085E5A-CD25-4561-91CE-F3D980CDF784} = {0415D062-878F-45E6-A3A8-21D43F8A5585}
		{CDFFD81C-0494-4A03-8F20-A7A618B6D332} = {44A1E8B9-D0AD-4597-B911-DE4270E81B6A}
		{03071580-2172-4B2F-BCA1-54570C8497B7} = {44A1E8B9-D0AD-4597-B911-DE4270E81B6A}
		{2EFA7308-D9F3-4175-94D8-7B8927C68DBC} = {0415D062-878F-45E6-A3A8-21D43F8A5585}
		{0363F5C6-48F2-4D53-8B3E-0147B9F889E5} = {0415D062-878F-45E6-A3A8-21D43F8A5585}
		{B81556B3-F9F1-4588-89CE-90091CA3BDB1} = {0415D062-878F-45E6-A3A8-21D43F8A5585}
		{9A71D267-7BFA-414D-9262-3FF662764299} = {0415D062-878F-45E6-A3A8-21D43F8A5585}
		{E614DEFB-B9F0-40DA-A4C0-1394A217B1B6} = {0415D062-878F-45E6-A3A8-21D43F8A5585}
		{A134D4F1-A6C6-4865-8ADA-8FAA3AD89FF3} = {E614DEFB-B9F0-40DA-A4C0-1394A217B1B6}
		{2B1BFDBE-6010-46D1-A426-350F41544BBE} = {E614DEFB-B9F0-40DA-A4C0-1394A217B1B6}
		{395FC9E8-4A91-4454-8B6B-52CB0BF12AE2} = {51657F7A-A591-429C-98BE-23AA67356653}
		{5A80EF4E-89C0-4670-B5B5-96FB50613C66} = {51657F7A-A591-429C-98BE-23AA67356653}
		{5D57683A-0AE7-40EC-9FB7-BC04146208F8} = {51657F7A-A591-429C-98BE-23AA67356653}
		{E7800019-B5CF-4E3F-8390-F12DE8DBCC41} = {51657F7A-A591-429C-98BE-23AA67356653}
		{02AB30BE-BD9D-4CAC-9208-1510DB65A156} = {51657F7A-A591-429C-98BE-23AA67356653}
		{24241B61-E87D-4023-A10A-71612A401177} = {51657F7A-A591-429C-98BE-23AA67356653}
		{A24E9A35-57A4-40A5-BDA1-09384B6AC08F} = {24241B61-E87D-4023-A10A-71612A401177}
		{A693C914-375E-4EA2-9282-72482738F17D} = {51657F7A-A591-429C-98BE-23AA67356653}
		{ABFC077F-1269-44A3-81D2-1889C6422B68} = {51657F7A-A591-429C-98BE-23AA67356653}
		{98A7E817-94AA-4DE7-B8F0-3538B16214C9} = {51657F7A-A591-429C-98BE-23AA67356653}
		{AD0E877D-101A-4B8C-8B54-1EB8234C3E38} = {24241B61-E87D-4023-A10A-71612A401177}
		{BB1053ED-99EA-4FD7-AB29-C6C3168824E9} = {87471F21-C909-48FF-84AF-77ABC83E2E8B}
		{6CA7A6C6-05E7-497A-989F-9DEC38989AF0} = {87471F21-C909-48FF-84AF-77ABC83E2E8B}
		{F586A8D0-CC9E-467F-BA08-F1BFA408C5A3} = {87471F21-C909-48FF-84AF-77ABC83E2E8B}
		{BB99324F-F7A6-4306-B108-BDF8C6CD9086} = {87471F21-C909-48FF-84AF-77ABC83E2E8B}
		{3925F2A3-C951-440D-B2AD-71786D9A12D7} = {87471F21-C909-48FF-84AF-77ABC83E2E8B}
		{6806E417-5250-4451-A9A6-744F9409BD9C} = {87471F21-C909-48FF-84AF-77ABC83E2E8B}
		{18F49F2D-6C8E-4346-97BA-BFC66131BD2A} = {87471F21-C909-48FF-84AF-77ABC83E2E8B}
		{CC1BD425-21D9-48E8-99B0-F672B4AA62C5} = {87471F21-C909-48FF-84AF-77ABC83E2E8B}
		{13941C40-AE9B-4B05-ACDF-64F18BFC4776} = {87471F21-C909-48FF-84AF-77ABC83E2E8B}
		{158AA42C-3F0A-4F73-8BC6-D90B05F3ECF8} = {13941C40-AE9B-4B05-ACDF-64F18BFC4776}
		{B354260D-9E4A-490D-9F71-2879BDC07997} = {13941C40-AE9B-4B05-ACDF-64F18BFC4776}
		{A1552CAF-B1F7-4060-B715-79A906CCCAF1} = {99FEBF9D-CDE4-4EDA-BD8A-2289747FD077}
		{EA7DA743-CA68-4B29-824A-DA35F79BB86F} = {99FEBF9D-CDE4-4EDA-BD8A-2289747FD077}
		{D20FBCC2-ECBA-4F90-B8A8-AE6498DB8AE6} = {99FEBF9D-CDE4-4EDA-BD8A-2289747FD077}
		{770B3E81-2513-4AFB-AAB5-B0D6813ECA11} = {99FEBF9D-CDE4-4EDA-BD8A-2289747FD077}
		{CBD7F981-1295-4061-BB48-2E676997C384} = {99FEBF9D-CDE4-4EDA-BD8A-2289747FD077}
		{A7EF4C2C-8652-40B8-AE53-79A5180629D2} = {99FEBF9D-CDE4-4EDA-BD8A-2289747FD077}
		{0F626526-0691-416B-85AA-35327D6D7789} = {99FEBF9D-CDE4-4EDA-BD8A-2289747FD077}
		{E22579A2-B9B8-4F93-8605-6D830BBD8A6A} = {99FEBF9D-CDE4-4EDA-BD8A-2289747FD077}
		{92E5680E-DF6A-49AE-AF1E-C1864AE4B447} = {99FEBF9D-CDE4-4EDA-BD8A-2289747FD077}
	EndGlobalSection
	GlobalSection(ExtensibilityGlobals) = postSolution
		SolutionGuid = {2836D203-ED61-4435-BE14-A0F4EAC964D7}
	EndGlobalSection
EndGlobal
